
Microsoft Visual Studio Solution File, Format Version 12.00
# Visual Studio 15
VisualStudioVersion = 15.0.28307.779
MinimumVisualStudioVersion = 10.0.40219.1
Project("{FAE04EC0-301F-11D3-BF4B-00C04F79EFBC}") = "ConsoleAppTFS1", "ConsoleAppTFS1\ConsoleAppTFS1.csproj", "{1D1CDEA8-885B-4D25-9840-3780050C5DF8}"
EndProject
Global
	GlobalSection(SolutionConfigurationPlatforms) = preSolution
		Debug|Any CPU = Debug|Any CPU
		Release|Any CPU = Release|Any CPU
	EndGlobalSection
	GlobalSection(ProjectConfigurationPlatforms) = postSolution
		{1D1CDEA8-885B-4D25-9840-3780050C5DF8}.Debug|Any CPU.ActiveCfg = Debug|Any CPU
		{1D1CDEA8-885B-4D25-9840-3780050C5DF8}.Debug|Any CPU.Build.0 = Debug|Any CPU
		{1D1CDEA8-885B-4D25-9840-3780050C5DF8}.Release|Any CPU.ActiveCfg = Release|Any CPU
		{1D1CDEA8-885B-4D25-9840-3780050C5DF8}.Release|Any CPU.Build.0 = Release|Any CPU
	EndGlobalSection
	GlobalSection(SolutionProperties) = preSolution
		HideSolutionNode = FALSE
	EndGlobalSection
	GlobalSection(ExtensibilityGlobals) = postSolution
		SolutionGuid = {77734A87-26AB-4949-BD2A-3C6BF602628D}
	EndGlobalSection
EndGlobal
